
Microsoft Visual Studio Solution File, Format Version 12.00
# Visual Studio 15
VisualStudioVersion = 15.0.28307.960
MinimumVisualStudioVersion = 10.0.40219.1
Project("{FAE04EC0-301F-11D3-BF4B-00C04F79EFBC}") = "KP_Sportzal_WebApp", "KP_Sportzal_WebApp\KP_Sportzal_WebApp.csproj", "{740775FB-536F-46CB-A0DA-E632FFF41D41}"
EndProject
Global
	GlobalSection(SolutionConfigurationPlatforms) = preSolution
		Debug|Any CPU = Debug|Any CPU
		Release|Any CPU = Release|Any CPU
	EndGlobalSection
	GlobalSection(ProjectConfigurationPlatforms) = postSolution
		{740775FB-536F-46CB-A0DA-E632FFF41D41}.Debug|Any CPU.ActiveCfg = Debug|Any CPU
		{740775FB-536F-46CB-A0DA-E632FFF41D41}.Debug|Any CPU.Build.0 = Debug|Any CPU
		{740775FB-536F-46CB-A0DA-E632FFF41D41}.Release|Any CPU.ActiveCfg = Release|Any CPU
		{740775FB-536F-46CB-A0DA-E632FFF41D41}.Release|Any CPU.Build.0 = Release|Any CPU
	EndGlobalSection
	GlobalSection(SolutionProperties) = preSolution
		HideSolutionNode = FALSE
	EndGlobalSection
	GlobalSection(ExtensibilityGlobals) = postSolution
		SolutionGuid = {72FD871F-BD2A-449C-939C-1357880C8AE1}
	EndGlobalSection
EndGlobal
